{
    "name": "kasa-monitor",
    "version": "1.0.0",
    "lockfileVersion": 1,
    "requires": true,
    "dependencies": {
        "@types/debug": {
            "version": "4.1.5",
            "resolved": "https://registry.npmjs.org/@types/debug/-/debug-4.1.5.tgz",
            "integrity": "sha512-Q1y515GcOdTHgagaVFhHnIFQ38ygs/kmxdNpvpou+raI9UO3YZcHDngBSYKQklcKlvA7iuQlmIKbzvmxcOE9CQ=="
        },
        "@types/lodash": {
            "version": "4.14.168",
            "resolved": "https://registry.npmjs.org/@types/lodash/-/lodash-4.14.168.tgz",
            "integrity": "sha512-oVfRvqHV/V6D1yifJbVRU3TMp8OT6o6BG+U9MkwuJ3U8/CsDHvalRpsxBqivn71ztOFZBTfJMvETbqHiaNSj7Q=="
        },
        "@types/url-join": {
            "version": "4.0.0",
            "resolved": "https://registry.npmjs.org/@types/url-join/-/url-join-4.0.0.tgz",
            "integrity": "sha512-awrJu8yML4E/xTwr2EMatC+HBnHGoDxc2+ImA9QyeUELI1S7dOCIZcyjki1rkwoA8P2D2NVgLAJLjnclkdLtAw=="
        },
        "@types/warning": {
            "version": "3.0.0",
            "resolved": "https://registry.npmjs.org/@types/warning/-/warning-3.0.0.tgz",
            "integrity": "sha1-DSUBJorY+ZYrdA04fEZU9fjiPlI="
        },
        "axios": {
            "version": "0.21.1",
            "resolved": "https://registry.npmjs.org/axios/-/axios-0.21.1.tgz",
            "integrity": "sha512-dKQiRHxGD9PPRIUNIWvZhPTPpl1rf/OxTYKsqKUDjBwYylTvV7SjSHJb9ratfyzM6wCdLCOYLzs73qpg5c4iGA==",
            "requires": {
                "follow-redirects": "^1.10.0"
            }
        },
        "axios-error": {
            "version": "1.0.4",
            "resolved": "https://registry.npmjs.org/axios-error/-/axios-error-1.0.4.tgz",
            "integrity": "sha512-ay1l7dXNW288c39KcNAijpE3w8X3tP4V3Hf5yttKp4Kacrq5mnL7s0Z9GXYHRProTvRXytvs4SOriBlsGcVlfA==",
            "requires": {
                "axios": "^0.21.1",
                "type-fest": "^0.15.1"
            }
        },
        "camel-case": {
            "version": "4.1.2",
            "resolved": "https://registry.npmjs.org/camel-case/-/camel-case-4.1.2.tgz",
            "integrity": "sha512-gxGWBrTT1JuMx6R+o5PTXMmUnhnVzLQ9SNutD4YqKtI6ap897t3tKECYla6gCWEkplXnlNybEkZg9GEGxKFCgw==",
            "requires": {
                "pascal-case": "^3.1.2",
                "tslib": "^2.0.3"
            }
        },
        "commander": {
            "version": "6.2.1",
            "resolved": "https://registry.npmjs.org/commander/-/commander-6.2.1.tgz",
            "integrity": "sha512-U7VdrJFnJgo4xjrHpTzu0yrHPGImdsmD95ZlgYSEajAn2JKzDhDTPG9kBTefmObL2w/ngeZnilk+OV9CG3d7UA=="
        },
        "debug": {
            "version": "4.3.1",
            "resolved": "https://registry.npmjs.org/debug/-/debug-4.3.1.tgz",
            "integrity": "sha512-doEwdvm4PCeK4K3RQN2ZC2BYUBaxwLARCqZmMjtF8a51J2Rb0xpVloFRnCODwqjpwnAoao4pelN8l3RJdv3gRQ==",
            "requires": {
                "ms": "2.1.2"
            }
        },
        "dot-case": {
            "version": "3.0.4",
            "resolved": "https://registry.npmjs.org/dot-case/-/dot-case-3.0.4.tgz",
            "integrity": "sha512-Kv5nKlh6yRrdrGvxeJ2e5y2eRUpkUosIW4A2AS38zwSz27zu7ufDwQPi5Jhs3XAlGNetl3bmnGhQsMtkKJnj3w==",
            "requires": {
                "no-case": "^3.0.4",
                "tslib": "^2.0.3"
            }
        },
        "follow-redirects": {
            "version": "1.13.1",
            "resolved": "https://registry.npmjs.org/follow-redirects/-/follow-redirects-1.13.1.tgz",
            "integrity": "sha512-SSG5xmZh1mkPGyKzjZP8zLjltIfpW32Y5QpdNJyjcfGxK3qo3NDDkZOZSFiGn1A6SclQxY9GzEwAHQ3dmYRWpg=="
        },
        "js-tokens": {
            "version": "4.0.0",
            "resolved": "https://registry.npmjs.org/js-tokens/-/js-tokens-4.0.0.tgz",
            "integrity": "sha512-RdJUflcE3cUzKiMqQgsCu06FPu9UdIJO0beYbPhHN4k6apgJtifcoCtT9bcxOpYBtpD2kCM6Sbzg4CausW/PKQ=="
        },
        "lodash": {
            "version": "4.17.20",
            "resolved": "https://registry.npmjs.org/lodash/-/lodash-4.17.20.tgz",
            "integrity": "sha512-PlhdFcillOINfeV7Ni6oF1TAEayyZBoZ8bcshTHqOYJYlrqzRK5hagpagky5o4HfCzzd1TRkXPMFq6cKk9rGmA=="
        },
        "lodash.castarray": {
            "version": "4.4.0",
            "resolved": "https://registry.npmjs.org/lodash.castarray/-/lodash.castarray-4.4.0.tgz",
            "integrity": "sha1-wCUTUV4wna3dTCTGDP3c9ZdtkRU="
        },
        "lodash.clone": {
            "version": "4.5.0",
            "resolved": "https://registry.npmjs.org/lodash.clone/-/lodash.clone-4.5.0.tgz",
            "integrity": "sha1-GVhwRQ9aExkkeN9Lw9I9LeoZB7Y="
        },
        "lodash.defaultto": {
            "version": "4.14.0",
            "resolved": "https://registry.npmjs.org/lodash.defaultto/-/lodash.defaultto-4.14.0.tgz",
            "integrity": "sha1-OL09QlrO5zPg4ru9TkspcRzC7hE="
        },
        "lodash.get": {
            "version": "4.4.2",
            "resolved": "https://registry.npmjs.org/lodash.get/-/lodash.get-4.4.2.tgz",
            "integrity": "sha1-LRd/ZS+jHpObRDjVNBSZ36OCXpk="
        },
        "lodash.groupby": {
            "version": "4.6.0",
            "resolved": "https://registry.npmjs.org/lodash.groupby/-/lodash.groupby-4.6.0.tgz",
            "integrity": "sha1-Cwih3PaDl8OXhVwyOXg4Mt90A9E="
        },
        "lodash.isequal": {
            "version": "4.5.0",
            "resolved": "https://registry.npmjs.org/lodash.isequal/-/lodash.isequal-4.5.0.tgz",
            "integrity": "sha1-QVxEePK8wwEgwizhDtMib30+GOA="
        },
        "loglevel": {
            "version": "1.7.1",
            "resolved": "https://registry.npmjs.org/loglevel/-/loglevel-1.7.1.tgz",
            "integrity": "sha512-Hesni4s5UkWkwCGJMQGAh71PaLUmKFM60dHvq0zi/vDhhrzuk+4GgNbTXJ12YYQJn6ZKBDNIjYcuQGKudvqrIw=="
        },
        "loose-envify": {
            "version": "1.4.0",
            "resolved": "https://registry.npmjs.org/loose-envify/-/loose-envify-1.4.0.tgz",
            "integrity": "sha512-lyuxPGr/Wfhrlem2CL/UcnUc1zcqKAImBDzukY7Y5F/yQiNdko6+fRLevlw1HgMySw7f611UIY408EtxRSoK3Q==",
            "requires": {
                "js-tokens": "^3.0.0 || ^4.0.0"
            }
        },
        "lower-case": {
            "version": "2.0.2",
            "resolved": "https://registry.npmjs.org/lower-case/-/lower-case-2.0.2.tgz",
            "integrity": "sha512-7fm3l3NAF9WfN6W3JOmf5drwpVqX78JtoGJ3A6W0a6ZnldM41w2fV5D490psKFTpMds8TJse/eHLFFsNHHjHgg==",
            "requires": {
                "tslib": "^2.0.3"
            }
        },
        "map-obj": {
            "version": "4.1.0",
            "resolved": "https://registry.npmjs.org/map-obj/-/map-obj-4.1.0.tgz",
            "integrity": "sha512-glc9y00wgtwcDmp7GaE/0b0OnxpNJsVf3ael/An6Fe2Q51LLwN1er6sdomLRzz5h0+yMpiYLhWYF5R7HeqVd4g=="
        },
        "messaging-api-common": {
            "version": "1.0.4",
            "resolved": "https://registry.npmjs.org/messaging-api-common/-/messaging-api-common-1.0.4.tgz",
            "integrity": "sha512-riYl+FnUtbUxxBfmUXBZSw4akK9hWAGGobulT81DK4Y5s/zeCKQcwa5uKHLG5HrR0RCtATIj7tQM8J29z61jRg==",
            "requires": {
                "@types/debug": "^4.1.5",
                "@types/lodash": "^4.14.156",
                "@types/url-join": "^4.0.0",
                "axios": "^0.21.1",
                "camel-case": "^4.1.1",
                "debug": "^4.1.1",
                "lodash": "^4.17.15",
                "map-obj": "^4.1.0",
                "pascal-case": "^3.1.1",
                "snake-case": "^3.0.3",
                "url-join": "^4.0.1"
            }
        },
        "messaging-api-telegram": {
            "version": "1.0.4",
            "resolved": "https://registry.npmjs.org/messaging-api-telegram/-/messaging-api-telegram-1.0.4.tgz",
            "integrity": "sha512-tDEKlwPMrpbBSIbEuYI1sJhAbn858HypB5QOLdatL0u/sBGrtp5yte52xgOfb7ySnzRqI2eH6C588VFyimHwBA==",
            "requires": {
                "@types/lodash": "^4.14.156",
                "@types/warning": "^3.0.0",
                "axios": "^0.21.1",
                "axios-error": "^1.0.4",
                "lodash": "^4.17.15",
                "messaging-api-common": "^1.0.4",
                "ts-invariant": "^0.4.4",
                "warning": "^4.0.3"
            }
        },
        "ms": {
            "version": "2.1.2",
            "resolved": "https://registry.npmjs.org/ms/-/ms-2.1.2.tgz",
            "integrity": "sha512-sGkPx+VjMtmA6MX27oA4FBFELFCZZ4S4XqeGOXCv68tT+jb3vk/RyaKWP0PTKyWtmLSM0b+adUTEvbs1PEaH2w=="
        },
        "no-case": {
            "version": "3.0.4",
            "resolved": "https://registry.npmjs.org/no-case/-/no-case-3.0.4.tgz",
            "integrity": "sha512-fgAN3jGAh+RoxUGZHTSOLJIqUc2wmoBwGR4tbpNAKmmovFoWq0OdRkb0VkldReO2a2iBT/OEulG9XSUc10r3zg==",
            "requires": {
                "lower-case": "^2.0.2",
                "tslib": "^2.0.3"
            }
        },
        "pascal-case": {
            "version": "3.1.2",
            "resolved": "https://registry.npmjs.org/pascal-case/-/pascal-case-3.1.2.tgz",
            "integrity": "sha512-uWlGT3YSnK9x3BQJaOdcZwrnV6hPpd8jFH1/ucpiLRPh/2zCVJKS19E4GvYHvaCcACn3foXZ0cLB9Wrx1KGe5g==",
            "requires": {
                "no-case": "^3.0.4",
                "tslib": "^2.0.3"
            }
        },
        "promise-queue": {
            "version": "2.2.5",
            "resolved": "https://registry.npmjs.org/promise-queue/-/promise-queue-2.2.5.tgz",
            "integrity": "sha1-L29ffA9tCBCelnZZx5uIqe1ek7Q="
        },
        "snake-case": {
            "version": "3.0.4",
            "resolved": "https://registry.npmjs.org/snake-case/-/snake-case-3.0.4.tgz",
            "integrity": "sha512-LAOh4z89bGQvl9pFfNF8V146i7o7/CqFPbqzYgP+yYzDIDeS9HaNFtXABamRW+AQzEVODcvE79ljJ+8a9YSdMg==",
            "requires": {
                "dot-case": "^3.0.4",
                "tslib": "^2.0.3"
            }
        },
        "tplink-smarthome-api": {
            "version": "3.1.0",
            "resolved": "https://registry.npmjs.org/tplink-smarthome-api/-/tplink-smarthome-api-3.1.0.tgz",
            "integrity": "sha512-CeRmj3394Mdg1LoFQX3E93gxHJJzyuxbbfesR/geOLEmdhhFNpf8VjKL5GJItszvmJMZtsR1pbQ2pqm0sf5ZnA==",
            "requires": {
                "commander": "^6.1.0",
                "lodash.castarray": "^4.4.0",
                "lodash.clone": "^4.5.0",
                "lodash.defaultto": "^4.14.0",
                "lodash.get": "^4.4.2",
                "lodash.groupby": "^4.6.0",
                "lodash.isequal": "^4.5.0",
                "loglevel": "^1.7.0",
                "promise-queue": "^2.2.5",
                "tplink-smarthome-crypto": "^3.0.0"
            }
        },
        "tplink-smarthome-crypto": {
            "version": "3.0.0",
            "resolved": "https://registry.npmjs.org/tplink-smarthome-crypto/-/tplink-smarthome-crypto-3.0.0.tgz",
            "integrity": "sha512-LxRfcrFVeWNSNyLdVKl52x7jQmwvYengSXCpvEi7M5S8+N/FvVYP25+ol5QdGWKBac6fOklDdz30p+TkC6nydA=="
        },
        "ts-invariant": {
            "version": "0.4.4",
            "resolved": "https://registry.npmjs.org/ts-invariant/-/ts-invariant-0.4.4.tgz",
            "integrity": "sha512-uEtWkFM/sdZvRNNDL3Ehu4WVpwaulhwQszV8mrtcdeE8nN00BV9mAmQ88RkrBhFgl9gMgvjJLAQcZbnPXI9mlA==",
            "requires": {
                "tslib": "^1.9.3"
            },
            "dependencies": {
                "tslib": {
                    "version": "1.14.1",
                    "resolved": "https://registry.npmjs.org/tslib/-/tslib-1.14.1.tgz",
                    "integrity": "sha512-Xni35NKzjgMrwevysHTCArtLDpPvye8zV/0E4EyYn43P7/7qvQwPh9BGkHewbMulVntbigmcT7rdX3BNo9wRJg=="
                }
            }
        },
        "tslib": {
            "version": "2.1.0",
            "resolved": "https://registry.npmjs.org/tslib/-/tslib-2.1.0.tgz",
            "integrity": "sha512-hcVC3wYEziELGGmEEXue7D75zbwIIVUMWAVbHItGPx0ziyXxrOMQx4rQEVEV45Ut/1IotuEvwqPopzIOkDMf0A=="
        },
        "type-fest": {
            "version": "0.15.1",
            "resolved": "https://registry.npmjs.org/type-fest/-/type-fest-0.15.1.tgz",
            "integrity": "sha512-n+UXrN8i5ioo7kqT/nF8xsEzLaqFra7k32SEsSPwvXVGyAcRgV/FUQN/sgfptJTR1oRmmq7z4IXMFSM7im7C9A=="
        },
        "url-join": {
            "version": "4.0.1",
            "resolved": "https://registry.npmjs.org/url-join/-/url-join-4.0.1.tgz",
            "integrity": "sha512-jk1+QP6ZJqyOiuEI9AEWQfju/nB2Pw466kbA0LEZljHwKeMgd9WrAEgEGxjPDD2+TNbbb37rTyhEfrCXfuKXnA=="
        },
        "warning": {
            "version": "4.0.3",
            "resolved": "https://registry.npmjs.org/warning/-/warning-4.0.3.tgz",
            "integrity": "sha512-rpJyN222KWIvHJ/F53XSZv0Zl/accqHR8et1kpaMTD/fLCRxtV8iX8czMzY7sVZupTI3zcUTg8eycS2kNF9l6w==",
            "requires": {
                "loose-envify": "^1.0.0"
            }
        }
    }
}
